
Microsoft Visual Studio Solution File, Format Version 12.00
# Visual Studio Version 17
VisualStudioVersion = 17.6.33815.320
MinimumVisualStudioVersion = 10.0.40219.1
Project("{9A19103F-16F7-4668-BE54-9A1E7A4F7556}") = "Assignment1", "Assignment1.csproj", "{B4FA775A-2748-4F4C-B6E7-CD3087587058}"
EndProject
Project("{FAE04EC0-301F-11D3-BF4B-00C04F79EFBC}") = "SpecFlowProject1", "..\SpecFlowProject1\SpecFlowProject1.csproj", "{7B0A1889-DA00-439C-8076-A2C8A9BC78A5}"
EndProject
Global
	GlobalSection(SolutionConfigurationPlatforms) = preSolution
		Debug|Any CPU = Debug|Any CPU
		Release|Any CPU = Release|Any CPU
	EndGlobalSection
	GlobalSection(ProjectConfigurationPlatforms) = postSolution
		{B4FA775A-2748-4F4C-B6E7-CD3087587058}.Debug|Any CPU.ActiveCfg = Debug|Any CPU
		{B4FA775A-2748-4F4C-B6E7-CD3087587058}.Debug|Any CPU.Build.0 = Debug|Any CPU
		{B4FA775A-2748-4F4C-B6E7-CD3087587058}.Release|Any CPU.ActiveCfg = Release|Any CPU
		{B4FA775A-2748-4F4C-B6E7-CD3087587058}.Release|Any CPU.Build.0 = Release|Any CPU
		{7B0A1889-DA00-439C-8076-A2C8A9BC78A5}.Debug|Any CPU.ActiveCfg = Debug|Any CPU
		{7B0A1889-DA00-439C-8076-A2C8A9BC78A5}.Debug|Any CPU.Build.0 = Debug|Any CPU
		{7B0A1889-DA00-439C-8076-A2C8A9BC78A5}.Release|Any CPU.ActiveCfg = Release|Any CPU
		{7B0A1889-DA00-439C-8076-A2C8A9BC78A5}.Release|Any CPU.Build.0 = Release|Any CPU
	EndGlobalSection
	GlobalSection(SolutionProperties) = preSolution
		HideSolutionNode = FALSE
	EndGlobalSection
	GlobalSection(ExtensibilityGlobals) = postSolution
		SolutionGuid = {16B1632A-010E-407C-B529-059D003D085A}
	EndGlobalSection
EndGlobal
